<?xml version="1.0" encoding="utf-8"?>
<Project ToolsVersion="4.0" xmlns="http://schemas.microsoft.com/developer/msbuild/2003">
  <ItemGroup>
    <Filter Include="Source Files">
      <UniqueIdentifier>{4FC737F1-C7A5-4376-A066-2A32D752A2FF}</UniqueIdentifier>
      <Extensions>cpp;c;cc;cxx;c++;cppm;ixx;def;odl;idl;hpj;bat;asm;asmx</Extensions>
    </Filter>
    <Filter Include="Header Files">
      <UniqueIdentifier>{93995380-89BD-4b04-88EB-625FBE52EBFB}</UniqueIdentifier>
      <Extensions>h;hh;hpp;hxx;h++;hm;inl;inc;ipp;xsd</Extensions>
    </Filter>
    <Filter Include="Resource Files">
      <UniqueIdentifier>{67DA6AB6-F800-4c08-8B7A-83BB121AAD01}</UniqueIdentifier>
      <Extensions>rc;ico;cur;bmp;dlg;rc2;rct;bin;rgs;gif;jpg;jpeg;jpe;resx;tiff;tif;png;wav;mfcribbon-ms</Extensions>
    </Filter>
    <Filter Include="Header Files\consts">
      <UniqueIdentifier>{3fbbb8f8-af15-4107-9a2e-4ec42ecd2704}</UniqueIdentifier>
    </Filter>
    <Filter Include="Header Files\core">
      <UniqueIdentifier>{bae33b8f-a1d7-47d9-981f-8f6924ec1f31}</UniqueIdentifier>
    </Filter>
    <Filter Include="Source Files\core">
      <UniqueIdentifier>{042628ce-8034-4f6d-aedb-8a7da573f4cb}</UniqueIdentifier>
    </Filter>
    <Filter Include="Header Files\logger">
      <UniqueIdentifier>{80caf920-fbcc-4def-98b0-0573e8e9abe6}</UniqueIdentifier>
    </Filter>
    <Filter Include="Source Files\logger">
      <UniqueIdentifier>{0fc30a17-8674-423e-b2ad-bf2ccc82cb50}</UniqueIdentifier>
    </Filter>
  </ItemGroup>
  <ItemGroup>
    <ClCompile Include="glad.c">
      <Filter>Resource Files</Filter>
    </ClCompile>
    <ClCompile Include="src\lib4g.cpp">
      <Filter>Source Files\core</Filter>
    </ClCompile>
    <ClCompile Include="src\logger.cpp">
      <Filter>Source Files\logger</Filter>
    </ClCompile>
  </ItemGroup>
  <ItemGroup>
    <ClInclude Include="src\colors.hpp">
      <Filter>Header Files\consts</Filter>
    </ClInclude>
    <ClInclude Include="src\lib4g.hpp">
      <Filter>Header Files\core</Filter>
    </ClInclude>
    <ClInclude Include="src\logger.hpp">
      <Filter>Header Files\logger</Filter>
    </ClInclude>
  </ItemGroup>
</Project>